<Solution>
  <Configurations>
    <Platform Name="Any CPU" />
    <Platform Name="x64" />
  </Configurations>
  <Project Path="DRDownloadLib/DRDownloadLib.csproj" Id="645afd30-a756-4313-af65-6e0c172d6733" />
  <Project Path="DRDownloadWindow2/DRDownloadWindow.csproj" Id="2d1e8ba0-3884-4782-8b67-193a7f0d9e1b" />
  <Project Path="DRDownloadWindowTests/DRDownloadWindowTests.csproj" Id="a5e0db30-7bb4-4e43-9afd-219fdc03aea7" />
</Solution>
